// !$*UTF8*$!
{
	archiveVersion = 1;
	classes = {
	};
	objectVersion = 77;
	objects = {

/* Begin PBXBuildFile section */
		18F9E2D92F3B797E0081B20A /* DayCastShare.appex in Embed Foundation Extensions */ = {isa = PBXBuildFile; fileRef = 18F9E2CF2F3B797E0081B20A /* DayCastShare.appex */; settings = {ATTRIBUTES = (RemoveHeadersOnCopy, ); }; };
/* End PBXBuildFile section */

/* Begin PBXContainerItemProxy section */
		18F9E1132F3AFB3A0081B20A /* PBXContainerItemProxy */ = {
			isa = PBXContainerItemProxy;
			containerPortal = 18F9E0FB2F3AFB390081B20A /* Project object */;
			proxyType = 1;
			remoteGlobalIDString = 18F9E1022F3AFB390081B20A;
			remoteInfo = daycast;
		};
		18F9E11D2F3AFB3A0081B20A /* PBXContainerItemProxy */ = {
			isa = PBXContainerItemProxy;
			containerPortal = 18F9E0FB2F3AFB390081B20A /* Project object */;
			proxyType = 1;
			remoteGlobalIDString = 18F9E1022F3AFB390081B20A;
			remoteInfo = daycast;
		};
		18F9E2D72F3B797E0081B20A /* PBXContainerItemProxy */ = {
			isa = PBXContainerItemProxy;
			containerPortal = 18F9E0FB2F3AFB390081B20A /* Project object */;
			proxyType = 1;
			remoteGlobalIDString = 18F9E2CE2F3B797E0081B20A;
			remoteInfo = DayCastShare;
		};
/* End PBXContainerItemProxy section */

/* Begin PBXCopyFilesBuildPhase section */
		18F9E2DE2F3B797E0081B20A /* Embed Foundation Extensions */ = {
			isa = PBXCopyFilesBuildPhase;
			buildActionMask = 2147483647;
			dstPath = "";
			dstSubfolderSpec = 13;
			files = (
				18F9E2D92F3B797E0081B20A /* DayCastShare.appex in Embed Foundation Extensions */,
			);
			name = "Embed Foundation Extensions";
			runOnlyForDeploymentPostprocessing = 0;
		};
/* End PBXCopyFilesBuildPhase section */

/* Begin PBXFileReference section */
		18F9E1032F3AFB390081B20A /* daycast.app */ = {isa = PBXFileReference; explicitFileType = wrapper.application; includeInIndex = 0; path = daycast.app; sourceTree = BUILT_PRODUCTS_DIR; };
		18F9E1122F3AFB3A0081B20A /* daycastTests.xctest */ = {isa = PBXFileReference; explicitFileType = wrapper.cfbundle; includeInIndex = 0; path = daycastTests.xctest; sourceTree = BUILT_PRODUCTS_DIR; };
		18F9E11C2F3AFB3A0081B20A /* daycastUITests.xctest */ = {isa = PBXFileReference; explicitFileType = wrapper.cfbundle; includeInIndex = 0; path = daycastUITests.xctest; sourceTree = BUILT_PRODUCTS_DIR; };
		18F9E2CF2F3B797E0081B20A /* DayCastShare.appex */ = {isa = PBXFileReference; explicitFileType = "wrapper.app-extension"; includeInIndex = 0; path = DayCastShare.appex; sourceTree = BUILT_PRODUCTS_DIR; };
/* End PBXFileReference section */

/* Begin PBXFileSystemSynchronizedBuildFileExceptionSet section */
		18F9E2DA2F3B797E0081B20A /* Exceptions for "DayCastShare" folder in "DayCastShare" target */ = {
			isa = PBXFileSystemSynchronizedBuildFileExceptionSet;
			membershipExceptions = (
				Info.plist,
			);
			target = 18F9E2CE2F3B797E0081B20A /* DayCastShare */;
		};
		18F9E2EE2F3B7A9C0081B20A /* Exceptions for "daycast" folder in "DayCastShare" target */ = {
			isa = PBXFileSystemSynchronizedBuildFileExceptionSet;
			membershipExceptions = (
				Shared/SharedTokenStorage.swift,
				Shared/ShareExtensionAPI.swift,
			);
			target = 18F9E2CE2F3B797E0081B20A /* DayCastShare */;
		};
/* End PBXFileSystemSynchronizedBuildFileExceptionSet section */

/* Begin PBXFileSystemSynchronizedRootGroup section */
		18F9E1052F3AFB390081B20A /* daycast */ = {
			isa = PBXFileSystemSynchronizedRootGroup;
			exceptions = (
				18F9E2EE2F3B7A9C0081B20A /* Exceptions for "daycast" folder in "DayCastShare" target */,
			);
			path = daycast;
			sourceTree = "<group>";
		};
		18F9E1152F3AFB3A0081B20A /* daycastTests */ = {
			isa = PBXFileSystemSynchronizedRootGroup;
			path = daycastTests;
			sourceTree = "<group>";
		};
		18F9E11F2F3AFB3A0081B20A /* daycastUITests */ = {
			isa = PBXFileSystemSynchronizedRootGroup;
			path = daycastUITests;
			sourceTree = "<group>";
		};
		18F9E2D02F3B797E0081B20A /* DayCastShare */ = {
			isa = PBXFileSystemSynchronizedRootGroup;
			exceptions = (
				18F9E2DA2F3B797E0081B20A /* Exceptions for "DayCastShare" folder in "DayCastShare" target */,
			);
			path = DayCastShare;
			sourceTree = "<group>";
		};
/* End PBXFileSystemSynchronizedRootGroup section */

/* Begin PBXFrameworksBuildPhase section */
		18F9E1002F3AFB390081B20A /* Frameworks */ = {
			isa = PBXFrameworksBuildPhase;
			buildActionMask = 2147483647;
			files = (
			);
			runOnlyForDeploymentPostprocessing = 0;
		};
		18F9E10F2F3AFB3A0081B20A /* Frameworks */ = {
			isa = PBXFrameworksBuildPhase;
			buildActionMask = 2147483647;
			files = (
			);
			runOnlyForDeploymentPostprocessing = 0;
		};
		18F9E1192F3AFB3A0081B20A /* Frameworks */ = {
			isa = PBXFrameworksBuildPhase;
			buildActionMask = 2147483647;
			files = (
			);
			runOnlyForDeploymentPostprocessing = 0;
		};
		18F9E2CC2F3B797E0081B20A /* Frameworks */ = {
			isa = PBXFrameworksBuildPhase;
			buildActionMask = 2147483647;
			files = (
			);
			runOnlyForDeploymentPostprocessing = 0;
		};
/* End PBXFrameworksBuildPhase section */

/* Begin PBXGroup section */
		18F9E0FA2F3AFB390081B20A = {
			isa = PBXGroup;
			children = (
				18F9E1052F3AFB390081B20A /* daycast */,
				18F9E1152F3AFB3A0081B20A /* daycastTests */,
				18F9E11F2F3AFB3A0081B20A /* daycastUITests */,
				18F9E2D02F3B797E0081B20A /* DayCastShare */,
				18F9E1042F3AFB390081B20A /* Products */,
			);
			sourceTree = "<group>";
		};
		18F9E1042F3AFB390081B20A /* Products */ = {
			isa = PBXGroup;
			children = (
				18F9E1032F3AFB390081B20A /* daycast.app */,
				18F9E1122F3AFB3A0081B20A /* daycastTests.xctest */,
				18F9E11C2F3AFB3A0081B20A /* daycastUITests.xctest */,
				18F9E2CF2F3B797E0081B20A /* DayCastShare.appex */,
			);
			name = Products;
			sourceTree = "<group>";
		};
/* End PBXGroup section */

/* Begin PBXNativeTarget section */
		18F9E1022F3AFB390081B20A /* daycast */ = {
			isa = PBXNativeTarget;
			buildConfigurationList = 18F9E1262F3AFB3A0081B20A /* Build configuration list for PBXNativeTarget "daycast" */;
			buildPhases = (
				18F9E0FF2F3AFB390081B20A /* Sources */,
				18F9E1002F3AFB390081B20A /* Frameworks */,
				18F9E1012F3AFB390081B20A /* Resources */,
				18F9E2DE2F3B797E0081B20A /* Embed Foundation Extensions */,
			);
			buildRules = (
			);
			dependencies = (
				18F9E2D82F3B797E0081B20A /* PBXTargetDependency */,
			);
			fileSystemSynchronizedGroups = (
				18F9E1052F3AFB390081B20A /* daycast */,
			);
			name = daycast;
			packageProductDependencies = (
			);
			productName = daycast;
			productReference = 18F9E1032F3AFB390081B20A /* daycast.app */;
			productType = "com.apple.product-type.application";
		};
		18F9E1112F3AFB3A0081B20A /* daycastTests */ = {
			isa = PBXNativeTarget;
			buildConfigurationList = 18F9E1292F3AFB3A0081B20A /* Build configuration list for PBXNativeTarget "daycastTests" */;
			buildPhases = (
				18F9E10E2F3AFB3A0081B20A /* Sources */,
				18F9E10F2F3AFB3A0081B20A /* Frameworks */,
				18F9E1102F3AFB3A0081B20A /* Resources */,
			);
			buildRules = (
			);
			dependencies = (
				18F9E1142F3AFB3A0081B20A /* PBXTargetDependency */,
			);
			fileSystemSynchronizedGroups = (
				18F9E1152F3AFB3A0081B20A /* daycastTests */,
			);
			name = daycastTests;
			packageProductDependencies = (
			);
			productName = daycastTests;
			productReference = 18F9E1122F3AFB3A0081B20A /* daycastTests.xctest */;
			productType = "com.apple.product-type.bundle.unit-test";
		};
		18F9E11B2F3AFB3A0081B20A /* daycastUITests */ = {
			isa = PBXNativeTarget;
			buildConfigurationList = 18F9E12C2F3AFB3A0081B20A /* Build configuration list for PBXNativeTarget "daycastUITests" */;
			buildPhases = (
				18F9E1182F3AFB3A0081B20A /* Sources */,
				18F9E1192F3AFB3A0081B20A /* Frameworks */,
				18F9E11A2F3AFB3A0081B20A /* Resources */,
			);
			buildRules = (
			);
			dependencies = (
				18F9E11E2F3AFB3A0081B20A /* PBXTargetDependency */,
			);
			fileSystemSynchronizedGroups = (
				18F9E11F2F3AFB3A0081B20A /* daycastUITests */,
			);
			name = daycastUITests;
			packageProductDependencies = (
			);
			productName = daycastUITests;
			productReference = 18F9E11C2F3AFB3A0081B20A /* daycastUITests.xctest */;
			productType = "com.apple.product-type.bundle.ui-testing";
		};
		18F9E2CE2F3B797E0081B20A /* DayCastShare */ = {
			isa = PBXNativeTarget;
			buildConfigurationList = 18F9E2DB2F3B797E0081B20A /* Build configuration list for PBXNativeTarget "DayCastShare" */;
			buildPhases = (
				18F9E2CB2F3B797E0081B20A /* Sources */,
				18F9E2CC2F3B797E0081B20A /* Frameworks */,
				18F9E2CD2F3B797E0081B20A /* Resources */,
			);
			buildRules = (
			);
			dependencies = (
			);
			fileSystemSynchronizedGroups = (
				18F9E2D02F3B797E0081B20A /* DayCastShare */,
			);
			name = DayCastShare;
			packageProductDependencies = (
			);
			productName = DayCastShare;
			productReference = 18F9E2CF2F3B797E0081B20A /* DayCastShare.appex */;
			productType = "com.apple.product-type.app-extension";
		};
/* End PBXNativeTarget section */

/* Begin PBXProject section */
		18F9E0FB2F3AFB390081B20A /* Project object */ = {
			isa = PBXProject;
			attributes = {
				BuildIndependentTargetsInParallel = 1;
				LastSwiftUpdateCheck = 2620;
				LastUpgradeCheck = 2620;
				TargetAttributes = {
					18F9E1022F3AFB390081B20A = {
						CreatedOnToolsVersion = 26.2;
					};
					18F9E1112F3AFB3A0081B20A = {
						CreatedOnToolsVersion = 26.2;
						TestTargetID = 18F9E1022F3AFB390081B20A;
					};
					18F9E11B2F3AFB3A0081B20A = {
						CreatedOnToolsVersion = 26.2;
						TestTargetID = 18F9E1022F3AFB390081B20A;
					};
					18F9E2CE2F3B797E0081B20A = {
						CreatedOnToolsVersion = 26.2;
					};
				};
			};
			buildConfigurationList = 18F9E0FE2F3AFB390081B20A /* Build configuration list for PBXProject "daycast" */;
			developmentRegion = en;
			hasScannedForEncodings = 0;
			knownRegions = (
				en,
				Base,
			);
			mainGroup = 18F9E0FA2F3AFB390081B20A;
			minimizedProjectReferenceProxies = 1;
			preferredProjectObjectVersion = 77;
			productRefGroup = 18F9E1042F3AFB390081B20A /* Products */;
			projectDirPath = "";
			projectRoot = "";
			targets = (
				18F9E1022F3AFB390081B20A /* daycast */,
				18F9E1112F3AFB3A0081B20A /* daycastTests */,
				18F9E11B2F3AFB3A0081B20A /* daycastUITests */,
				18F9E2CE2F3B797E0081B20A /* DayCastShare */,
			);
		};
/* End PBXProject section */

/* Begin PBXResourcesBuildPhase section */
		18F9E1012F3AFB390081B20A /* Resources */ = {
			isa = PBXResourcesBuildPhase;
			buildActionMask = 2147483647;
			files = (
			);
			runOnlyForDeploymentPostprocessing = 0;
		};
		18F9E1102F3AFB3A0081B20A /* Resources */ = {
			isa = PBXResourcesBuildPhase;
			buildActionMask = 2147483647;
			files = (
			);
			runOnlyForDeploymentPostprocessing = 0;
		};
		18F9E11A2F3AFB3A0081B20A /* Resources */ = {
			isa = PBXResourcesBuildPhase;
			buildActionMask = 2147483647;
			files = (
			);
			runOnlyForDeploymentPostprocessing = 0;
		};
		18F9E2CD2F3B797E0081B20A /* Resources */ = {
			isa = PBXResourcesBuildPhase;
			buildActionMask = 2147483647;
			files = (
			);
			runOnlyForDeploymentPostprocessing = 0;
		};
/* End PBXResourcesBuildPhase section */

/* Begin PBXSourcesBuildPhase section */
		18F9E0FF2F3AFB390081B20A /* Sources */ = {
			isa = PBXSourcesBuildPhase;
			buildActionMask = 2147483647;
			files = (
			);
			runOnlyForDeploymentPostprocessing = 0;
		};
		18F9E10E2F3AFB3A0081B20A /* Sources */ = {
			isa = PBXSourcesBuildPhase;
			buildActionMask = 2147483647;
			files = (
			);
			runOnlyForDeploymentPostprocessing = 0;
		};
		18F9E1182F3AFB3A0081B20A /* Sources */ = {
			isa = PBXSourcesBuildPhase;
			buildActionMask = 2147483647;
			files = (
			);
			runOnlyForDeploymentPostprocessing = 0;
		};
		18F9E2CB2F3B797E0081B20A /* Sources */ = {
			isa = PBXSourcesBuildPhase;
			buildActionMask = 2147483647;
			files = (
			);
			runOnlyForDeploymentPostprocessing = 0;
		};
/* End PBXSourcesBuildPhase section */

/* Begin PBXTargetDependency section */
		18F9E1142F3AFB3A0081B20A /* PBXTargetDependency */ = {
			isa = PBXTargetDependency;
			target = 18F9E1022F3AFB390081B20A /* daycast */;
			targetProxy = 18F9E1132F3AFB3A0081B20A /* PBXContainerItemProxy */;
		};
		18F9E11E2F3AFB3A0081B20A /* PBXTargetDependency */ = {
			isa = PBXTargetDependency;
			target = 18F9E1022F3AFB390081B20A /* daycast */;
			targetProxy = 18F9E11D2F3AFB3A0081B20A /* PBXContainerItemProxy */;
		};
		18F9E2D82F3B797E0081B20A /* PBXTargetDependency */ = {
			isa = PBXTargetDependency;
			target = 18F9E2CE2F3B797E0081B20A /* DayCastShare */;
			targetProxy = 18F9E2D72F3B797E0081B20A /* PBXContainerItemProxy */;
		};
/* End PBXTargetDependency section */

/* Begin XCBuildConfiguration section */
		18F9E1242F3AFB3A0081B20A /* Debug */ = {
			isa = XCBuildConfiguration;
			buildSettings = {
				ALWAYS_SEARCH_USER_PATHS = NO;
				ASSETCATALOG_COMPILER_GENERATE_SWIFT_ASSET_SYMBOL_EXTENSIONS = YES;
				CLANG_ANALYZER_NONNULL = YES;
				CLANG_ANALYZER_NUMBER_OBJECT_CONVERSION = YES_AGGRESSIVE;
				CLANG_CXX_LANGUAGE_STANDARD = "gnu++20";
				CLANG_ENABLE_MODULES = YES;
				CLANG_ENABLE_OBJC_ARC = YES;
				CLANG_ENABLE_OBJC_WEAK = YES;
				CLANG_WARN_BLOCK_CAPTURE_AUTORELEASING = YES;
				CLANG_WARN_BOOL_CONVERSION = YES;
				CLANG_WARN_COMMA = YES;
				CLANG_WARN_CONSTANT_CONVERSION = YES;
				CLANG_WARN_DEPRECATED_OBJC_IMPLEMENTATIONS = YES;
				CLANG_WARN_DIRECT_OBJC_ISA_USAGE = YES_ERROR;
				CLANG_WARN_DOCUMENTATION_COMMENTS = YES;
				CLANG_WARN_EMPTY_BODY = YES;
				CLANG_WARN_ENUM_CONVERSION = YES;
				CLANG_WARN_INFINITE_RECURSION = YES;
				CLANG_WARN_INT_CONVERSION = YES;
				CLANG_WARN_NON_LITERAL_NULL_CONVERSION = YES;
				CLANG_WARN_OBJC_IMPLICIT_RETAIN_SELF = YES;
				CLANG_WARN_OBJC_LITERAL_CONVERSION = YES;
				CLANG_WARN_OBJC_ROOT_CLASS = YES_ERROR;
				CLANG_WARN_QUOTED_INCLUDE_IN_FRAMEWORK_HEADER = YES;
				CLANG_WARN_RANGE_LOOP_ANALYSIS = YES;
				CLANG_WARN_STRICT_PROTOTYPES = YES;
				CLANG_WARN_SUSPICIOUS_MOVE = YES;
				CLANG_WARN_UNGUARDED_AVAILABILITY = YES_AGGRESSIVE;
				CLANG_WARN_UNREACHABLE_CODE = YES;
				CLANG_WARN__DUPLICATE_METHOD_MATCH = YES;
				COPY_PHASE_STRIP = NO;
				DEBUG_INFORMATION_FORMAT = dwarf;
				DEVELOPMENT_TEAM = 52JK39H2V3;
				ENABLE_STRICT_OBJC_MSGSEND = YES;
				ENABLE_TESTABILITY = YES;
				ENABLE_USER_SCRIPT_SANDBOXING = YES;
				GCC_C_LANGUAGE_STANDARD = gnu17;
				GCC_DYNAMIC_NO_PIC = NO;
				GCC_NO_COMMON_BLOCKS = YES;
				GCC_OPTIMIZATION_LEVEL = 0;
				GCC_PREPROCESSOR_DEFINITIONS = (
					"DEBUG=1",
					"$(inherited)",
				);
				GCC_WARN_64_TO_32_BIT_CONVERSION = YES;
				GCC_WARN_ABOUT_RETURN_TYPE = YES_ERROR;
				GCC_WARN_UNDECLARED_SELECTOR = YES;
				GCC_WARN_UNINITIALIZED_AUTOS = YES_AGGRESSIVE;
				GCC_WARN_UNUSED_FUNCTION = YES;
				GCC_WARN_UNUSED_VARIABLE = YES;
				IPHONEOS_DEPLOYMENT_TARGET = 26.2;
				LOCALIZATION_PREFERS_STRING_CATALOGS = YES;
				MTL_ENABLE_DEBUG_INFO = INCLUDE_SOURCE;
				MTL_FAST_MATH = YES;
				ONLY_ACTIVE_ARCH = YES;
				SDKROOT = iphoneos;
				SWIFT_ACTIVE_COMPILATION_CONDITIONS = "DEBUG $(inherited)";
				SWIFT_OPTIMIZATION_LEVEL = "-Onone";
			};
			name = Debug;
		};
		18F9E1252F3AFB3A0081B20A /* Release */ = {
			isa = XCBuildConfiguration;
			buildSettings = {
				ALWAYS_SEARCH_USER_PATHS = NO;
				ASSETCATALOG_COMPILER_GENERATE_SWIFT_ASSET_SYMBOL_EXTENSIONS = YES;
				CLANG_ANALYZER_NONNULL = YES;
				CLANG_ANALYZER_NUMBER_OBJECT_CONVERSION = YES_AGGRESSIVE;
				CLANG_CXX_LANGUAGE_STANDARD = "gnu++20";
				CLANG_ENABLE_MODULES = YES;
				CLANG_ENABLE_OBJC_ARC = YES;
				CLANG_ENABLE_OBJC_WEAK = YES;
				CLANG_WARN_BLOCK_CAPTURE_AUTORELEASING = YES;
				CLANG_WARN_BOOL_CONVERSION = YES;
				CLANG_WARN_COMMA = YES;
				CLANG_WARN_CONSTANT_CONVERSION = YES;
				CLANG_WARN_DEPRECATED_OBJC_IMPLEMENTATIONS = YES;
				CLANG_WARN_DIRECT_OBJC_ISA_USAGE = YES_ERROR;
				CLANG_WARN_DOCUMENTATION_COMMENTS = YES;
				CLANG_WARN_EMPTY_BODY = YES;
				CLANG_WARN_ENUM_CONVERSION = YES;
				CLANG_WARN_INFINITE_RECURSION = YES;
				CLANG_WARN_INT_CONVERSION = YES;
				CLANG_WARN_NON_LITERAL_NULL_CONVERSION = YES;
				CLANG_WARN_OBJC_IMPLICIT_RETAIN_SELF = YES;
				CLANG_WARN_OBJC_LITERAL_CONVERSION = YES;
				CLANG_WARN_OBJC_ROOT_CLASS = YES_ERROR;
				CLANG_WARN_QUOTED_INCLUDE_IN_FRAMEWORK_HEADER = YES;
				CLANG_WARN_RANGE_LOOP_ANALYSIS = YES;
				CLANG_WARN_STRICT_PROTOTYPES = YES;
				CLANG_WARN_SUSPICIOUS_MOVE = YES;
				CLANG_WARN_UNGUARDED_AVAILABILITY = YES_AGGRESSIVE;
				CLANG_WARN_UNREACHABLE_CODE = YES;
				CLANG_WARN__DUPLICATE_METHOD_MATCH = YES;
				COPY_PHASE_STRIP = NO;
				DEBUG_INFORMATION_FORMAT = "dwarf-with-dsym";
				DEVELOPMENT_TEAM = 52JK39H2V3;
				ENABLE_NS_ASSERTIONS = NO;
				ENABLE_STRICT_OBJC_MSGSEND = YES;
				ENABLE_USER_SCRIPT_SANDBOXING = YES;
				GCC_C_LANGUAGE_STANDARD = gnu17;
				GCC_NO_COMMON_BLOCKS = YES;
				GCC_WARN_64_TO_32_BIT_CONVERSION = YES;
				GCC_WARN_ABOUT_RETURN_TYPE = YES_ERROR;
				GCC_WARN_UNDECLARED_SELECTOR = YES;
				GCC_WARN_UNINITIALIZED_AUTOS = YES_AGGRESSIVE;
				GCC_WARN_UNUSED_FUNCTION = YES;
				GCC_WARN_UNUSED_VARIABLE = YES;
				IPHONEOS_DEPLOYMENT_TARGET = 26.2;
				LOCALIZATION_PREFERS_STRING_CATALOGS = YES;
				MTL_ENABLE_DEBUG_INFO = NO;
				MTL_FAST_MATH = YES;
				SDKROOT = iphoneos;
				SWIFT_COMPILATION_MODE = wholemodule;
				VALIDATE_PRODUCT = YES;
			};
			name = Release;
		};
		18F9E1272F3AFB3A0081B20A /* Debug */ = {
			isa = XCBuildConfiguration;
			buildSettings = {
				ASSETCATALOG_COMPILER_APPICON_NAME = AppIcon;
				ASSETCATALOG_COMPILER_GLOBAL_ACCENT_COLOR_NAME = AccentColor;
				CODE_SIGN_STYLE = Automatic;
				CURRENT_PROJECT_VERSION = 1;
				DEVELOPMENT_TEAM = 52JK39H2V3;
				ENABLE_PREVIEWS = YES;
				GENERATE_INFOPLIST_FILE = YES;
				INFOPLIST_FILE = Info.plist;
				INFOPLIST_KEY_UIApplicationSceneManifest_Generation = YES;
				INFOPLIST_KEY_UIApplicationSupportsIndirectInputEvents = YES;
				INFOPLIST_KEY_UILaunchScreen_Generation = YES;
				INFOPLIST_KEY_UISupportedInterfaceOrientations_iPad = "UIInterfaceOrientationPortrait UIInterfaceOrientationPortraitUpsideDown UIInterfaceOrientationLandscapeLeft UIInterfaceOrientationLandscapeRight";
				INFOPLIST_KEY_UISupportedInterfaceOrientations_iPhone = "UIInterfaceOrientationPortrait UIInterfaceOrientationLandscapeLeft UIInterfaceOrientationLandscapeRight";
				LD_RUNPATH_SEARCH_PATHS = (
					"$(inherited)",
					"@executable_path/Frameworks",
				);
				MARKETING_VERSION = 1.0;
				PRODUCT_BUNDLE_IDENTIFIER = ch.origin.daycast;
				PRODUCT_NAME = "$(TARGET_NAME)";
				STRING_CATALOG_GENERATE_SYMBOLS = YES;
				SWIFT_APPROACHABLE_CONCURRENCY = YES;
				SWIFT_DEFAULT_ACTOR_ISOLATION = MainActor;
				SWIFT_EMIT_LOC_STRINGS = YES;
				SWIFT_UPCOMING_FEATURE_MEMBER_IMPORT_VISIBILITY = YES;
				SWIFT_VERSION = 5.0;
				TARGETED_DEVICE_FAMILY = "1,2";
			};
			name = Debug;
		};
		18F9E1282F3AFB3A0081B20A /* Release */ = {
			isa = XCBuildConfiguration;
			buildSettings = {
				ASSETCATALOG_COMPILER_APPICON_NAME = AppIcon;
				ASSETCATALOG_COMPILER_GLOBAL_ACCENT_COLOR_NAME = AccentColor;
				CODE_SIGN_STYLE = Automatic;
				CURRENT_PROJECT_VERSION = 1;
				DEVELOPMENT_TEAM = 52JK39H2V3;
				ENABLE_PREVIEWS = YES;
				GENERATE_INFOPLIST_FILE = YES;
				INFOPLIST_FILE = Info.plist;
				INFOPLIST_KEY_UIApplicationSceneManifest_Generation = YES;
				INFOPLIST_KEY_UIApplicationSupportsIndirectInputEvents = YES;
				INFOPLIST_KEY_UILaunchScreen_Generation = YES;
				INFOPLIST_KEY_UISupportedInterfaceOrientations_iPad = "UIInterfaceOrientationPortrait UIInterfaceOrientationPortraitUpsideDown UIInterfaceOrientationLandscapeLeft UIInterfaceOrientationLandscapeRight";
				INFOPLIST_KEY_UISupportedInterfaceOrientations_iPhone = "UIInterfaceOrientationPortrait UIInterfaceOrientationLandscapeLeft UIInterfaceOrientationLandscapeRight";
				LD_RUNPATH_SEARCH_PATHS = (
					"$(inherited)",
					"@executable_path/Frameworks",
				);
				MARKETING_VERSION = 1.0;
				PRODUCT_BUNDLE_IDENTIFIER = ch.origin.daycast;
				PRODUCT_NAME = "$(TARGET_NAME)";
				STRING_CATALOG_GENERATE_SYMBOLS = YES;
				SWIFT_APPROACHABLE_CONCURRENCY = YES;
				SWIFT_DEFAULT_ACTOR_ISOLATION = MainActor;
				SWIFT_EMIT_LOC_STRINGS = YES;
				SWIFT_UPCOMING_FEATURE_MEMBER_IMPORT_VISIBILITY = YES;
				SWIFT_VERSION = 5.0;
				TARGETED_DEVICE_FAMILY = "1,2";
			};
			name = Release;
		};
		18F9E12A2F3AFB3A0081B20A /* Debug */ = {
			isa = XCBuildConfiguration;
			buildSettings = {
				BUNDLE_LOADER = "$(TEST_HOST)";
				CODE_SIGN_STYLE = Automatic;
				CURRENT_PROJECT_VERSION = 1;
				DEVELOPMENT_TEAM = 52JK39H2V3;
				GENERATE_INFOPLIST_FILE = YES;
				IPHONEOS_DEPLOYMENT_TARGET = 26.2;
				MARKETING_VERSION = 1.0;
				PRODUCT_BUNDLE_IDENTIFIER = daycast.maier.de.daycastTests;
				PRODUCT_NAME = "$(TARGET_NAME)";
				STRING_CATALOG_GENERATE_SYMBOLS = NO;
				SWIFT_APPROACHABLE_CONCURRENCY = YES;
				SWIFT_EMIT_LOC_STRINGS = NO;
				SWIFT_UPCOMING_FEATURE_MEMBER_IMPORT_VISIBILITY = YES;
				SWIFT_VERSION = 5.0;
				TARGETED_DEVICE_FAMILY = "1,2";
				TEST_HOST = "$(BUILT_PRODUCTS_DIR)/daycast.app/$(BUNDLE_EXECUTABLE_FOLDER_PATH)/daycast";
			};
			name = Debug;
		};
		18F9E12B2F3AFB3A0081B20A /* Release */ = {
			isa = XCBuildConfiguration;
			buildSettings = {
				BUNDLE_LOADER = "$(TEST_HOST)";
				CODE_SIGN_STYLE = Automatic;
				CURRENT_PROJECT_VERSION = 1;
				DEVELOPMENT_TEAM = 52JK39H2V3;
				GENERATE_INFOPLIST_FILE = YES;
				IPHONEOS_DEPLOYMENT_TARGET = 26.2;
				MARKETING_VERSION = 1.0;
				PRODUCT_BUNDLE_IDENTIFIER = daycast.maier.de.daycastTests;
				PRODUCT_NAME = "$(TARGET_NAME)";
				STRING_CATALOG_GENERATE_SYMBOLS = NO;
				SWIFT_APPROACHABLE_CONCURRENCY = YES;
				SWIFT_EMIT_LOC_STRINGS = NO;
				SWIFT_UPCOMING_FEATURE_MEMBER_IMPORT_VISIBILITY = YES;
				SWIFT_VERSION = 5.0;
				TARGETED_DEVICE_FAMILY = "1,2";
				TEST_HOST = "$(BUILT_PRODUCTS_DIR)/daycast.app/$(BUNDLE_EXECUTABLE_FOLDER_PATH)/daycast";
			};
			name = Release;
		};
		18F9E12D2F3AFB3A0081B20A /* Debug */ = {
			isa = XCBuildConfiguration;
			buildSettings = {
				CODE_SIGN_STYLE = Automatic;
				CURRENT_PROJECT_VERSION = 1;
				DEVELOPMENT_TEAM = 52JK39H2V3;
				GENERATE_INFOPLIST_FILE = YES;
				MARKETING_VERSION = 1.0;
				PRODUCT_BUNDLE_IDENTIFIER = daycast.maier.de.daycastUITests;
				PRODUCT_NAME = "$(TARGET_NAME)";
				STRING_CATALOG_GENERATE_SYMBOLS = NO;
				SWIFT_APPROACHABLE_CONCURRENCY = YES;
				SWIFT_EMIT_LOC_STRINGS = NO;
				SWIFT_UPCOMING_FEATURE_MEMBER_IMPORT_VISIBILITY = YES;
				SWIFT_VERSION = 5.0;
				TARGETED_DEVICE_FAMILY = "1,2";
				TEST_TARGET_NAME = daycast;
			};
			name = Debug;
		};
		18F9E12E2F3AFB3A0081B20A /* Release */ = {
			isa = XCBuildConfiguration;
			buildSettings = {
				CODE_SIGN_STYLE = Automatic;
				CURRENT_PROJECT_VERSION = 1;
				DEVELOPMENT_TEAM = 52JK39H2V3;
				GENERATE_INFOPLIST_FILE = YES;
				MARKETING_VERSION = 1.0;
				PRODUCT_BUNDLE_IDENTIFIER = daycast.maier.de.daycastUITests;
				PRODUCT_NAME = "$(TARGET_NAME)";
				STRING_CATALOG_GENERATE_SYMBOLS = NO;
				SWIFT_APPROACHABLE_CONCURRENCY = YES;
				SWIFT_EMIT_LOC_STRINGS = NO;
				SWIFT_UPCOMING_FEATURE_MEMBER_IMPORT_VISIBILITY = YES;
				SWIFT_VERSION = 5.0;
				TARGETED_DEVICE_FAMILY = "1,2";
				TEST_TARGET_NAME = daycast;
			};
			name = Release;
		};
		18F9E2DC2F3B797E0081B20A /* Debug */ = {
			isa = XCBuildConfiguration;
			buildSettings = {
				CODE_SIGN_STYLE = Automatic;
				CURRENT_PROJECT_VERSION = 1;
				DEVELOPMENT_TEAM = 52JK39H2V3;
				GENERATE_INFOPLIST_FILE = YES;
				INFOPLIST_FILE = DayCastShare/Info.plist;
				INFOPLIST_KEY_CFBundleDisplayName = DayCastShare;
				INFOPLIST_KEY_NSHumanReadableCopyright = "";
				LD_RUNPATH_SEARCH_PATHS = (
					"$(inherited)",
					"@executable_path/Frameworks",
					"@executable_path/../../Frameworks",
				);
				MARKETING_VERSION = 1.0;
				PRODUCT_BUNDLE_IDENTIFIER = ch.origin.daycast.DayCastShare;
				PRODUCT_NAME = "$(TARGET_NAME)";
				SKIP_INSTALL = YES;
				STRING_CATALOG_GENERATE_SYMBOLS = YES;
				SWIFT_APPROACHABLE_CONCURRENCY = YES;
				SWIFT_EMIT_LOC_STRINGS = YES;
				SWIFT_UPCOMING_FEATURE_MEMBER_IMPORT_VISIBILITY = YES;
				SWIFT_VERSION = 5.0;
				TARGETED_DEVICE_FAMILY = "1,2";
			};
			name = Debug;
		};
		18F9E2DD2F3B797E0081B20A /* Release */ = {
			isa = XCBuildConfiguration;
			buildSettings = {
				CODE_SIGN_STYLE = Automatic;
				CURRENT_PROJECT_VERSION = 1;
				DEVELOPMENT_TEAM = 52JK39H2V3;
				GENERATE_INFOPLIST_FILE = YES;
				INFOPLIST_FILE = DayCastShare/Info.plist;
				INFOPLIST_KEY_CFBundleDisplayName = DayCastShare;
				INFOPLIST_KEY_NSHumanReadableCopyright = "";
				LD_RUNPATH_SEARCH_PATHS = (
					"$(inherited)",
					"@executable_path/Frameworks",
					"@executable_path/../../Frameworks",
				);
				MARKETING_VERSION = 1.0;
				PRODUCT_BUNDLE_IDENTIFIER = ch.origin.daycast.DayCastShare;
				PRODUCT_NAME = "$(TARGET_NAME)";
				SKIP_INSTALL = YES;
				STRING_CATALOG_GENERATE_SYMBOLS = YES;
				SWIFT_APPROACHABLE_CONCURRENCY = YES;
				SWIFT_EMIT_LOC_STRINGS = YES;
				SWIFT_UPCOMING_FEATURE_MEMBER_IMPORT_VISIBILITY = YES;
				SWIFT_VERSION = 5.0;
				TARGETED_DEVICE_FAMILY = "1,2";
			};
			name = Release;
		};
/* End XCBuildConfiguration section */

/* Begin XCConfigurationList section */
		18F9E0FE2F3AFB390081B20A /* Build configuration list for PBXProject "daycast" */ = {
			isa = XCConfigurationList;
			buildConfigurations = (
				18F9E1242F3AFB3A0081B20A /* Debug */,
				18F9E1252F3AFB3A0081B20A /* Release */,
			);
			defaultConfigurationIsVisible = 0;
			defaultConfigurationName = Release;
		};
		18F9E1262F3AFB3A0081B20A /* Build configuration list for PBXNativeTarget "daycast" */ = {
			isa = XCConfigurationList;
			buildConfigurations = (
				18F9E1272F3AFB3A0081B20A /* Debug */,
				18F9E1282F3AFB3A0081B20A /* Release */,
			);
			defaultConfigurationIsVisible = 0;
			defaultConfigurationName = Release;
		};
		18F9E1292F3AFB3A0081B20A /* Build configuration list for PBXNativeTarget "daycastTests" */ = {
			isa = XCConfigurationList;
			buildConfigurations = (
				18F9E12A2F3AFB3A0081B20A /* Debug */,
				18F9E12B2F3AFB3A0081B20A /* Release */,
			);
			defaultConfigurationIsVisible = 0;
			defaultConfigurationName = Release;
		};
		18F9E12C2F3AFB3A0081B20A /* Build configuration list for PBXNativeTarget "daycastUITests" */ = {
			isa = XCConfigurationList;
			buildConfigurations = (
				18F9E12D2F3AFB3A0081B20A /* Debug */,
				18F9E12E2F3AFB3A0081B20A /* Release */,
			);
			defaultConfigurationIsVisible = 0;
			defaultConfigurationName = Release;
		};
		18F9E2DB2F3B797E0081B20A /* Build configuration list for PBXNativeTarget "DayCastShare" */ = {
			isa = XCConfigurationList;
			buildConfigurations = (
				18F9E2DC2F3B797E0081B20A /* Debug */,
				18F9E2DD2F3B797E0081B20A /* Release */,
			);
			defaultConfigurationIsVisible = 0;
			defaultConfigurationName = Release;
		};
/* End XCConfigurationList section */
	};
	rootObject = 18F9E0FB2F3AFB390081B20A /* Project object */;
}
